
Microsoft Visual Studio Solution File, Format Version 12.00
# Visual Studio Version 16
VisualStudioVersion = 16.0.29411.108
MinimumVisualStudioVersion = 10.0.40219.1
Project("{F184B08F-C81C-45F6-A57F-5ABD9991F28F}") = "TourGuide", "TourGuide\TourGuide.vbproj", "{28195AFE-BEB0-457A-ACDD-4741DE5F9291}"
EndProject
Global
	GlobalSection(SolutionConfigurationPlatforms) = preSolution
		Debug|Any CPU = Debug|Any CPU
		Release|Any CPU = Release|Any CPU
	EndGlobalSection
	GlobalSection(ProjectConfigurationPlatforms) = postSolution
		{28195AFE-BEB0-457A-ACDD-4741DE5F9291}.Debug|Any CPU.ActiveCfg = Debug|Any CPU
		{28195AFE-BEB0-457A-ACDD-4741DE5F9291}.Debug|Any CPU.Build.0 = Debug|Any CPU
		{28195AFE-BEB0-457A-ACDD-4741DE5F9291}.Release|Any CPU.ActiveCfg = Release|Any CPU
		{28195AFE-BEB0-457A-ACDD-4741DE5F9291}.Release|Any CPU.Build.0 = Release|Any CPU
	EndGlobalSection
	GlobalSection(SolutionProperties) = preSolution
		HideSolutionNode = FALSE
	EndGlobalSection
	GlobalSection(ExtensibilityGlobals) = postSolution
		SolutionGuid = {839A468B-665F-4A39-8716-BC3042CEB564}
	EndGlobalSection
EndGlobal
