
Microsoft Visual Studio Solution File, Format Version 12.00
# Visual Studio Version 16
VisualStudioVersion = 16.0.29411.108
MinimumVisualStudioVersion = 10.0.40219.1
Project("{F184B08F-C81C-45F6-A57F-5ABD9991F28F}") = "WindowsApp7", "WindowsApp7\WindowsApp7.vbproj", "{676F2BB1-98DF-4F53-B179-157E3ACDDD08}"
EndProject
Global
	GlobalSection(SolutionConfigurationPlatforms) = preSolution
		Debug|Any CPU = Debug|Any CPU
		Release|Any CPU = Release|Any CPU
	EndGlobalSection
	GlobalSection(ProjectConfigurationPlatforms) = postSolution
		{676F2BB1-98DF-4F53-B179-157E3ACDDD08}.Debug|Any CPU.ActiveCfg = Debug|Any CPU
		{676F2BB1-98DF-4F53-B179-157E3ACDDD08}.Debug|Any CPU.Build.0 = Debug|Any CPU
		{676F2BB1-98DF-4F53-B179-157E3ACDDD08}.Release|Any CPU.ActiveCfg = Release|Any CPU
		{676F2BB1-98DF-4F53-B179-157E3ACDDD08}.Release|Any CPU.Build.0 = Release|Any CPU
	EndGlobalSection
	GlobalSection(SolutionProperties) = preSolution
		HideSolutionNode = FALSE
	EndGlobalSection
	GlobalSection(ExtensibilityGlobals) = postSolution
		SolutionGuid = {55DB0C78-1894-430F-B779-ABA20B3EC992}
	EndGlobalSection
EndGlobal
