
Microsoft Visual Studio Solution File, Format Version 12.00
# Visual Studio Version 16
VisualStudioVersion = 16.0.29411.108
MinimumVisualStudioVersion = 10.0.40219.1
Project("{F184B08F-C81C-45F6-A57F-5ABD9991F28F}") = "nnmber game2", "nnmber game2\nnmber game2.vbproj", "{44291449-A27A-4781-A25B-DF7B30D894BF}"
EndProject
Global
	GlobalSection(SolutionConfigurationPlatforms) = preSolution
		Debug|Any CPU = Debug|Any CPU
		Release|Any CPU = Release|Any CPU
	EndGlobalSection
	GlobalSection(ProjectConfigurationPlatforms) = postSolution
		{44291449-A27A-4781-A25B-DF7B30D894BF}.Debug|Any CPU.ActiveCfg = Debug|Any CPU
		{44291449-A27A-4781-A25B-DF7B30D894BF}.Debug|Any CPU.Build.0 = Debug|Any CPU
		{44291449-A27A-4781-A25B-DF7B30D894BF}.Release|Any CPU.ActiveCfg = Release|Any CPU
		{44291449-A27A-4781-A25B-DF7B30D894BF}.Release|Any CPU.Build.0 = Release|Any CPU
	EndGlobalSection
	GlobalSection(SolutionProperties) = preSolution
		HideSolutionNode = FALSE
	EndGlobalSection
	GlobalSection(ExtensibilityGlobals) = postSolution
		SolutionGuid = {E4DCD5A3-5577-409C-B3D5-2E7D8946D9D8}
	EndGlobalSection
EndGlobal
