
Microsoft Visual Studio Solution File, Format Version 12.00
# Visual Studio Version 16
VisualStudioVersion = 16.0.29411.108
MinimumVisualStudioVersion = 10.0.40219.1
Project("{F184B08F-C81C-45F6-A57F-5ABD9991F28F}") = "WindowsApp11", "WindowsApp11\WindowsApp11.vbproj", "{7FB9EAE2-A492-4469-A8DC-884A9E588B28}"
EndProject
Global
	GlobalSection(SolutionConfigurationPlatforms) = preSolution
		Debug|Any CPU = Debug|Any CPU
		Release|Any CPU = Release|Any CPU
	EndGlobalSection
	GlobalSection(ProjectConfigurationPlatforms) = postSolution
		{7FB9EAE2-A492-4469-A8DC-884A9E588B28}.Debug|Any CPU.ActiveCfg = Debug|Any CPU
		{7FB9EAE2-A492-4469-A8DC-884A9E588B28}.Debug|Any CPU.Build.0 = Debug|Any CPU
		{7FB9EAE2-A492-4469-A8DC-884A9E588B28}.Release|Any CPU.ActiveCfg = Release|Any CPU
		{7FB9EAE2-A492-4469-A8DC-884A9E588B28}.Release|Any CPU.Build.0 = Release|Any CPU
	EndGlobalSection
	GlobalSection(SolutionProperties) = preSolution
		HideSolutionNode = FALSE
	EndGlobalSection
	GlobalSection(ExtensibilityGlobals) = postSolution
		SolutionGuid = {7B718B82-672C-416D-AB02-97A172B77757}
	EndGlobalSection
EndGlobal
